Microsoft Visual Studio Solution File, Format Version 12.00
# Visual Studio Version 16
VisualStudioVersion = 16.0.30907.101
MinimumVisualStudioVersion = 10.0.40219.1
Project("{df5a9a9f-404d-4290-8e5b-fa6d5f935efe}") = "TCG.Main", "TCG.Main\TCG.Main.csproj", "{49257470-356a-4937-926d-3d3db9dbbf45}"
EndProject
Global
	GlobalSection(SolutionConfigurationPlatforms) = preSolution
		Debug|Any CPU = Debug|Any CPU
		Release|Any CPU = Release|Any CPU
	EndGlobalSection
	GlobalSection(ProjectConfigurationPlatforms) = postSolution
		{49257470-356a-4937-926d-3d3db9dbbf45}.Debug|Any CPU.ActiveCfg = Debug|Any CPU
		{49257470-356a-4937-926d-3d3db9dbbf45}.Debug|Any CPU.Build.0 = Debug|Any CPU
		{49257470-356a-4937-926d-3d3db9dbbf45}.Release|Any CPU.ActiveCfg = Release|Any CPU
		{49257470-356a-4937-926d-3d3db9dbbf45}.Release|Any CPU.Build.0 = Release|Any CPU
	EndGlobalSection
	GlobalSection(SolutionProperties) = preSolution
		HideSolutionNode = FALSE
	EndGlobalSection
	GlobalSection(ExtensibilityGlobals) = postSolution
		SolutionGuid = {a0c0f4ff-8983-4408-8e4d-df722df6a488}
	EndGlobalSection
EndGlobal

